
Microsoft Visual Studio Solution File, Format Version 12.00
# Visual Studio Version 16
VisualStudioVersion = 16.0.30114.105
MinimumVisualStudioVersion = 10.0.40219.1
Project("{FAE04EC0-301F-11D3-BF4B-00C04F79EFBC}") = "Task_1", "Task_1\Task_1.csproj", "{77742A02-30B9-4386-B6DD-5E8894AE70CF}"
EndProject
Project("{FAE04EC0-301F-11D3-BF4B-00C04F79EFBC}") = "Task_2", "Task_2\Task_2.csproj", "{BEF0F63F-BA45-4FF5-8D0D-B4D9B196A22B}"
EndProject
Project("{FAE04EC0-301F-11D3-BF4B-00C04F79EFBC}") = "Task_3", "Task_3\Task_3.csproj", "{46C0766E-4F51-4775-9235-49EEA5983BF6}"
EndProject
Global
	GlobalSection(SolutionConfigurationPlatforms) = preSolution
		Debug|Any CPU = Debug|Any CPU
		Release|Any CPU = Release|Any CPU
	EndGlobalSection
	GlobalSection(ProjectConfigurationPlatforms) = postSolution
		{77742A02-30B9-4386-B6DD-5E8894AE70CF}.Debug|Any CPU.ActiveCfg = Debug|Any CPU
		{77742A02-30B9-4386-B6DD-5E8894AE70CF}.Debug|Any CPU.Build.0 = Debug|Any CPU
		{77742A02-30B9-4386-B6DD-5E8894AE70CF}.Release|Any CPU.ActiveCfg = Release|Any CPU
		{77742A02-30B9-4386-B6DD-5E8894AE70CF}.Release|Any CPU.Build.0 = Release|Any CPU
		{BEF0F63F-BA45-4FF5-8D0D-B4D9B196A22B}.Debug|Any CPU.ActiveCfg = Debug|Any CPU
		{BEF0F63F-BA45-4FF5-8D0D-B4D9B196A22B}.Debug|Any CPU.Build.0 = Debug|Any CPU
		{BEF0F63F-BA45-4FF5-8D0D-B4D9B196A22B}.Release|Any CPU.ActiveCfg = Release|Any CPU
		{BEF0F63F-BA45-4FF5-8D0D-B4D9B196A22B}.Release|Any CPU.Build.0 = Release|Any CPU
		{46C0766E-4F51-4775-9235-49EEA5983BF6}.Debug|Any CPU.ActiveCfg = Debug|Any CPU
		{46C0766E-4F51-4775-9235-49EEA5983BF6}.Debug|Any CPU.Build.0 = Debug|Any CPU
		{46C0766E-4F51-4775-9235-49EEA5983BF6}.Release|Any CPU.ActiveCfg = Release|Any CPU
		{46C0766E-4F51-4775-9235-49EEA5983BF6}.Release|Any CPU.Build.0 = Release|Any CPU
	EndGlobalSection
	GlobalSection(SolutionProperties) = preSolution
		HideSolutionNode = FALSE
	EndGlobalSection
	GlobalSection(ExtensibilityGlobals) = postSolution
		SolutionGuid = {885FFDD5-710D-429F-8EC9-AA4908F99B39}
	EndGlobalSection
EndGlobal
