
Microsoft Visual Studio Solution File, Format Version 12.00
# Visual Studio Version 16
VisualStudioVersion = 16.0.30114.105
MinimumVisualStudioVersion = 10.0.40219.1
Project("{FAE04EC0-301F-11D3-BF4B-00C04F79EFBC}") = "Task_1", "Person\Task_1.csproj", "{93B760F6-4024-4449-966D-8BB8B554849F}"
EndProject
Project("{FAE04EC0-301F-11D3-BF4B-00C04F79EFBC}") = "Task_2", "Task_2\Task_2.csproj", "{508C84AA-B828-431D-87E6-64A976358DB5}"
EndProject
Project("{FAE04EC0-301F-11D3-BF4B-00C04F79EFBC}") = "Task_3", "Task_3\Task_3.csproj", "{4332F361-D266-4370-A03E-8D5CA57D6BB8}"
EndProject
Global
	GlobalSection(SolutionConfigurationPlatforms) = preSolution
		Debug|Any CPU = Debug|Any CPU
		Release|Any CPU = Release|Any CPU
	EndGlobalSection
	GlobalSection(ProjectConfigurationPlatforms) = postSolution
		{93B760F6-4024-4449-966D-8BB8B554849F}.Debug|Any CPU.ActiveCfg = Debug|Any CPU
		{93B760F6-4024-4449-966D-8BB8B554849F}.Debug|Any CPU.Build.0 = Debug|Any CPU
		{93B760F6-4024-4449-966D-8BB8B554849F}.Release|Any CPU.ActiveCfg = Release|Any CPU
		{93B760F6-4024-4449-966D-8BB8B554849F}.Release|Any CPU.Build.0 = Release|Any CPU
		{508C84AA-B828-431D-87E6-64A976358DB5}.Debug|Any CPU.ActiveCfg = Debug|Any CPU
		{508C84AA-B828-431D-87E6-64A976358DB5}.Debug|Any CPU.Build.0 = Debug|Any CPU
		{508C84AA-B828-431D-87E6-64A976358DB5}.Release|Any CPU.ActiveCfg = Release|Any CPU
		{508C84AA-B828-431D-87E6-64A976358DB5}.Release|Any CPU.Build.0 = Release|Any CPU
		{4332F361-D266-4370-A03E-8D5CA57D6BB8}.Debug|Any CPU.ActiveCfg = Debug|Any CPU
		{4332F361-D266-4370-A03E-8D5CA57D6BB8}.Debug|Any CPU.Build.0 = Debug|Any CPU
		{4332F361-D266-4370-A03E-8D5CA57D6BB8}.Release|Any CPU.ActiveCfg = Release|Any CPU
		{4332F361-D266-4370-A03E-8D5CA57D6BB8}.Release|Any CPU.Build.0 = Release|Any CPU
	EndGlobalSection
	GlobalSection(SolutionProperties) = preSolution
		HideSolutionNode = FALSE
	EndGlobalSection
	GlobalSection(ExtensibilityGlobals) = postSolution
		SolutionGuid = {0668583E-CADE-4657-A4B4-5465B0971A6C}
	EndGlobalSection
EndGlobal
